
Microsoft Visual Studio Solution File, Format Version 12.00
# Visual Studio 15
VisualStudioVersion = 15.0.28307.329
MinimumVisualStudioVersion = 10.0.40219.1
Project("{FAE04EC0-301F-11D3-BF4B-00C04F79EFBC}") = "LoopsLab", "LoopsLab\LoopsLab.csproj", "{DAF7D8E0-4937-4A1B-AACE-C3C7A67C8579}"
EndProject
Global
	GlobalSection(SolutionConfigurationPlatforms) = preSolution
		Debug|Any CPU = Debug|Any CPU
		Release|Any CPU = Release|Any CPU
	EndGlobalSection
	GlobalSection(ProjectConfigurationPlatforms) = postSolution
		{DAF7D8E0-4937-4A1B-AACE-C3C7A67C8579}.Debug|Any CPU.ActiveCfg = Debug|Any CPU
		{DAF7D8E0-4937-4A1B-AACE-C3C7A67C8579}.Debug|Any CPU.Build.0 = Debug|Any CPU
		{DAF7D8E0-4937-4A1B-AACE-C3C7A67C8579}.Release|Any CPU.ActiveCfg = Release|Any CPU
		{DAF7D8E0-4937-4A1B-AACE-C3C7A67C8579}.Release|Any CPU.Build.0 = Release|Any CPU
	EndGlobalSection
	GlobalSection(SolutionProperties) = preSolution
		HideSolutionNode = FALSE
	EndGlobalSection
	GlobalSection(ExtensibilityGlobals) = postSolution
		SolutionGuid = {57DA7332-6B2C-49EC-A537-9FE0D770C2CB}
	EndGlobalSection
EndGlobal
