
Microsoft Visual Studio Solution File, Format Version 12.00
# Visual Studio 15
VisualStudioVersion = 15.0.28307.329
MinimumVisualStudioVersion = 10.0.40219.1
Project("{FAE04EC0-301F-11D3-BF4B-00C04F79EFBC}") = "Inheritance", "Inheritance\Inheritance.csproj", "{7DD63AD4-DDD9-43B1-8AC6-04948F1FDCE8}"
EndProject
Global
	GlobalSection(SolutionConfigurationPlatforms) = preSolution
		Debug|Any CPU = Debug|Any CPU
		Release|Any CPU = Release|Any CPU
	EndGlobalSection
	GlobalSection(ProjectConfigurationPlatforms) = postSolution
		{7DD63AD4-DDD9-43B1-8AC6-04948F1FDCE8}.Debug|Any CPU.ActiveCfg = Debug|Any CPU
		{7DD63AD4-DDD9-43B1-8AC6-04948F1FDCE8}.Debug|Any CPU.Build.0 = Debug|Any CPU
		{7DD63AD4-DDD9-43B1-8AC6-04948F1FDCE8}.Release|Any CPU.ActiveCfg = Release|Any CPU
		{7DD63AD4-DDD9-43B1-8AC6-04948F1FDCE8}.Release|Any CPU.Build.0 = Release|Any CPU
	EndGlobalSection
	GlobalSection(SolutionProperties) = preSolution
		HideSolutionNode = FALSE
	EndGlobalSection
	GlobalSection(ExtensibilityGlobals) = postSolution
		SolutionGuid = {5F42FB4B-6001-44D3-8347-9813CD792751}
	EndGlobalSection
EndGlobal
