
Microsoft Visual Studio Solution File, Format Version 12.00
# Visual Studio 15
VisualStudioVersion = 15.0.28307.329
MinimumVisualStudioVersion = 10.0.40219.1
Project("{FAE04EC0-301F-11D3-BF4B-00C04F79EFBC}") = "Loops", "Loops\Loops.csproj", "{F2B9174D-3813-4BC2-BF03-69FCAAA0F654}"
EndProject
Global
	GlobalSection(SolutionConfigurationPlatforms) = preSolution
		Debug|Any CPU = Debug|Any CPU
		Release|Any CPU = Release|Any CPU
	EndGlobalSection
	GlobalSection(ProjectConfigurationPlatforms) = postSolution
		{F2B9174D-3813-4BC2-BF03-69FCAAA0F654}.Debug|Any CPU.ActiveCfg = Debug|Any CPU
		{F2B9174D-3813-4BC2-BF03-69FCAAA0F654}.Debug|Any CPU.Build.0 = Debug|Any CPU
		{F2B9174D-3813-4BC2-BF03-69FCAAA0F654}.Release|Any CPU.ActiveCfg = Release|Any CPU
		{F2B9174D-3813-4BC2-BF03-69FCAAA0F654}.Release|Any CPU.Build.0 = Release|Any CPU
	EndGlobalSection
	GlobalSection(SolutionProperties) = preSolution
		HideSolutionNode = FALSE
	EndGlobalSection
	GlobalSection(ExtensibilityGlobals) = postSolution
		SolutionGuid = {6D11255F-381F-494D-AB34-026ED1D76B18}
	EndGlobalSection
EndGlobal
