
Microsoft Visual Studio Solution File, Format Version 12.00
# Visual Studio 15
VisualStudioVersion = 15.0.28307.329
MinimumVisualStudioVersion = 10.0.40219.1
Project("{FAE04EC0-301F-11D3-BF4B-00C04F79EFBC}") = "Conditionals", "Conditionals\Conditionals.csproj", "{1CF91D7B-DF9C-4D9F-B658-BC42B163C42E}"
EndProject
Global
	GlobalSection(SolutionConfigurationPlatforms) = preSolution
		Debug|Any CPU = Debug|Any CPU
		Release|Any CPU = Release|Any CPU
	EndGlobalSection
	GlobalSection(ProjectConfigurationPlatforms) = postSolution
		{1CF91D7B-DF9C-4D9F-B658-BC42B163C42E}.Debug|Any CPU.ActiveCfg = Debug|Any CPU
		{1CF91D7B-DF9C-4D9F-B658-BC42B163C42E}.Debug|Any CPU.Build.0 = Debug|Any CPU
		{1CF91D7B-DF9C-4D9F-B658-BC42B163C42E}.Release|Any CPU.ActiveCfg = Release|Any CPU
		{1CF91D7B-DF9C-4D9F-B658-BC42B163C42E}.Release|Any CPU.Build.0 = Release|Any CPU
	EndGlobalSection
	GlobalSection(SolutionProperties) = preSolution
		HideSolutionNode = FALSE
	EndGlobalSection
	GlobalSection(ExtensibilityGlobals) = postSolution
		SolutionGuid = {40F265A1-A304-4924-A975-AC2FCB2379A3}
	EndGlobalSection
EndGlobal
