
Microsoft Visual Studio Solution File, Format Version 12.00
# Visual Studio 15
VisualStudioVersion = 15.0.28307.329
MinimumVisualStudioVersion = 10.0.40219.1
Project("{FAE04EC0-301F-11D3-BF4B-00C04F79EFBC}") = "LabBreakPoints", "LabBreakPoints\LabBreakPoints.csproj", "{65E7A832-AD8F-4449-AE96-637E3C100698}"
EndProject
Global
	GlobalSection(SolutionConfigurationPlatforms) = preSolution
		Debug|Any CPU = Debug|Any CPU
		Release|Any CPU = Release|Any CPU
	EndGlobalSection
	GlobalSection(ProjectConfigurationPlatforms) = postSolution
		{65E7A832-AD8F-4449-AE96-637E3C100698}.Debug|Any CPU.ActiveCfg = Debug|Any CPU
		{65E7A832-AD8F-4449-AE96-637E3C100698}.Debug|Any CPU.Build.0 = Debug|Any CPU
		{65E7A832-AD8F-4449-AE96-637E3C100698}.Release|Any CPU.ActiveCfg = Release|Any CPU
		{65E7A832-AD8F-4449-AE96-637E3C100698}.Release|Any CPU.Build.0 = Release|Any CPU
	EndGlobalSection
	GlobalSection(SolutionProperties) = preSolution
		HideSolutionNode = FALSE
	EndGlobalSection
	GlobalSection(ExtensibilityGlobals) = postSolution
		SolutionGuid = {2F079242-15A6-4171-80B3-4B7F04FF64F9}
	EndGlobalSection
EndGlobal
